
Microsoft Visual Studio Solution File, Format Version 12.00
# Visual Studio 15
VisualStudioVersion = 15.0.27703.2000
MinimumVisualStudioVersion = 10.0.40219.1
Project("{FAE04EC0-301F-11D3-BF4B-00C04F79EFBC}") = "App_ConsultarCEP.Android", "App_ConsultarCEP\App_ConsultarCEP.Android\App_ConsultarCEP.Android.csproj", "{6BF44FF1-C07A-4B75-A212-9F2DA93BAB81}"
EndProject
Project("{FAE04EC0-301F-11D3-BF4B-00C04F79EFBC}") = "App_ConsultarCEP.iOS", "App_ConsultarCEP\App_ConsultarCEP.iOS\App_ConsultarCEP.iOS.csproj", "{192AFA7F-8C1C-49F6-8C0C-19C47FE36A1B}"
EndProject
Project("{FAE04EC0-301F-11D3-BF4B-00C04F79EFBC}") = "App_ConsultarCEP.UWP", "App_ConsultarCEP\App_ConsultarCEP.UWP\App_ConsultarCEP.UWP.csproj", "{FC8D03B8-1C84-41E4-95B0-CE1CD3E9B505}"
EndProject
Project("{FAE04EC0-301F-11D3-BF4B-00C04F79EFBC}") = "App_ConsultarCEP", "App_ConsultarCEP\App_ConsultarCEP\App_ConsultarCEP.csproj", "{B55B15E5-AE79-4806-BBCB-B8E3332CDC91}"
EndProject
Global
	GlobalSection(SolutionConfigurationPlatforms) = preSolution
		Ad-Hoc|Any CPU = Ad-Hoc|Any CPU
		Ad-Hoc|ARM = Ad-Hoc|ARM
		Ad-Hoc|iPhone = Ad-Hoc|iPhone
		Ad-Hoc|iPhoneSimulator = Ad-Hoc|iPhoneSimulator
		Ad-Hoc|x64 = Ad-Hoc|x64
		Ad-Hoc|x86 = Ad-Hoc|x86
		AppStore|Any CPU = AppStore|Any CPU
		AppStore|ARM = AppStore|ARM
		AppStore|iPhone = AppStore|iPhone
		AppStore|iPhoneSimulator = AppStore|iPhoneSimulator
		AppStore|x64 = AppStore|x64
		AppStore|x86 = AppStore|x86
		Debug|Any CPU = Debug|Any CPU
		Debug|ARM = Debug|ARM
		Debug|iPhone = Debug|iPhone
		Debug|iPhoneSimulator = Debug|iPhoneSimulator
		Debug|x64 = Debug|x64
		Debug|x86 = Debug|x86
		Release|Any CPU = Release|Any CPU
		Release|ARM = Release|ARM
		Release|iPhone = Release|iPhone
		Release|iPhoneSimulator = Release|iPhoneSimulator
		Release|x64 = Release|x64
		Release|x86 = Release|x86
	EndGlobalSection
	GlobalSection(ProjectConfigurationPlatforms) = postSolution
		{6BF44FF1-C07A-4B75-A212-9F2DA93BAB81}.Ad-Hoc|Any CPU.ActiveCfg = Release|Any CPU
		{6BF44FF1-C07A-4B75-A212-9F2DA93BAB81}.Ad-Hoc|Any CPU.Build.0 = Release|Any CPU
		{6BF44FF1-C07A-4B75-A212-9F2DA93BAB81}.Ad-Hoc|Any CPU.Deploy.0 = Release|Any CPU
		{6BF44FF1-C07A-4B75-A212-9F2DA93BAB81}.Ad-Hoc|ARM.ActiveCfg = Release|Any CPU
		{6BF44FF1-C07A-4B75-A212-9F2DA93BAB81}.Ad-Hoc|ARM.Build.0 = Release|Any CPU
		{6BF44FF1-C07A-4B75-A212-9F2DA93BAB81}.Ad-Hoc|ARM.Deploy.0 = Release|Any CPU
		{6BF44FF1-C07A-4B75-A212-9F2DA93BAB81}.Ad-Hoc|iPhone.ActiveCfg = Release|Any CPU
		{6BF44FF1-C07A-4B75-A212-9F2DA93BAB81}.Ad-Hoc|iPhone.Build.0 = Release|Any CPU
		{6BF44FF1-C07A-4B75-A212-9F2DA93BAB81}.Ad-Hoc|iPhone.Deploy.0 = Release|Any CPU
		{6BF44FF1-C07A-4B75-A212-9F2DA93BAB81}.Ad-Hoc|iPhoneSimulator.ActiveCfg = Release|Any CPU
		{6BF44FF1-C07A-4B75-A212-9F2DA93BAB81}.Ad-Hoc|iPhoneSimulator.Build.0 = Release|Any CPU
		{6BF44FF1-C07A-4B75-A212-9F2DA93BAB81}.Ad-Hoc|iPhoneSimulator.Deploy.0 = Release|Any CPU
		{6BF44FF1-C07A-4B75-A212-9F2DA93BAB81}.Ad-Hoc|x64.ActiveCfg = Release|Any CPU
		{6BF44FF1-C07A-4B75-A212-9F2DA93BAB81}.Ad-Hoc|x64.Build.0 = Release|Any CPU
		{6BF44FF1-C07A-4B75-A212-9F2DA93BAB81}.Ad-Hoc|x64.Deploy.0 = Release|Any CPU
		{6BF44FF1-C07A-4B75-A212-9F2DA93BAB81}.Ad-Hoc|x86.ActiveCfg = Release|Any CPU
		{6BF44FF1-C07A-4B75-A212-9F2DA93BAB81}.Ad-Hoc|x86.Build.0 = Release|Any CPU
		{6BF44FF1-C07A-4B75-A212-9F2DA93BAB81}.Ad-Hoc|x86.Deploy.0 = Release|Any CPU
		{6BF44FF1-C07A-4B75-A212-9F2DA93BAB81}.AppStore|Any CPU.ActiveCfg = Release|Any CPU
		{6BF44FF1-C07A-4B75-A212-9F2DA93BAB81}.AppStore|Any CPU.Build.0 = Release|Any CPU
		{6BF44FF1-C07A-4B75-A212-9F2DA93BAB81}.AppStore|Any CPU.Deploy.0 = Release|Any CPU
		{6BF44FF1-C07A-4B75-A212-9F2DA93BAB81}.AppStore|ARM.ActiveCfg = Release|Any CPU
		{6BF44FF1-C07A-4B75-A212-9F2DA93BAB81}.AppStore|ARM.Build.0 = Release|Any CPU
		{6BF44FF1-C07A-4B75-A212-9F2DA93BAB81}.AppStore|ARM.Deploy.0 = Release|Any CPU
		{6BF44FF1-C07A-4B75-A212-9F2DA93BAB81}.AppStore|iPhone.ActiveCfg = Release|Any CPU
		{6BF44FF1-C07A-4B75-A212-9F2DA93BAB81}.AppStore|iPhone.Build.0 = Release|Any CPU
		{6BF44FF1-C07A-4B75-A212-9F2DA93BAB81}.AppStore|iPhone.Deploy.0 = Release|Any CPU
		{6BF44FF1-C07A-4B75-A212-9F2DA93BAB81}.AppStore|iPhoneSimulator.ActiveCfg = Release|Any CPU
		{6BF44FF1-C07A-4B75-A212-9F2DA93BAB81}.AppStore|iPhoneSimulator.Build.0 = Release|Any CPU
		{6BF44FF1-C07A-4B75-A212-9F2DA93BAB81}.AppStore|iPhoneSimulator.Deploy.0 = Release|Any CPU
		{6BF44FF1-C07A-4B75-A212-9F2DA93BAB81}.AppStore|x64.ActiveCfg = Release|Any CPU
		{6BF44FF1-C07A-4B75-A212-9F2DA93BAB81}.AppStore|x64.Build.0 = Release|Any CPU
		{6BF44FF1-C07A-4B75-A212-9F2DA93BAB81}.AppStore|x64.Deploy.0 = Release|Any CPU
		{6BF44FF1-C07A-4B75-A212-9F2DA93BAB81}.AppStore|x86.ActiveCfg = Release|Any CPU
		{6BF44FF1-C07A-4B75-A212-9F2DA93BAB81}.AppStore|x86.Build.0 = Release|Any CPU
		{6BF44FF1-C07A-4B75-A212-9F2DA93BAB81}.AppStore|x86.Deploy.0 = Release|Any CPU
		{6BF44FF1-C07A-4B75-A212-9F2DA93BAB81}.Debug|Any CPU.ActiveCfg = Debug|Any CPU
		{6BF44FF1-C07A-4B75-A212-9F2DA93BAB81}.Debug|Any CPU.Build.0 = Debug|Any CPU
		{6BF44FF1-C07A-4B75-A212-9F2DA93BAB81}.Debug|Any CPU.Deploy.0 = Debug|Any CPU
		{6BF44FF1-C07A-4B75-A212-9F2DA93BAB81}.Debug|ARM.ActiveCfg = Debug|Any CPU
		{6BF44FF1-C07A-4B75-A212-9F2DA93BAB81}.Debug|ARM.Build.0 = Debug|Any CPU
		{6BF44FF1-C07A-4B75-A212-9F2DA93BAB81}.Debug|ARM.Deploy.0 = Debug|Any CPU
		{6BF44FF1-C07A-4B75-A212-9F2DA93BAB81}.Debug|iPhone.ActiveCfg = Debug|Any CPU
		{6BF44FF1-C07A-4B75-A212-9F2DA93BAB81}.Debug|iPhone.Build.0 = Debug|Any CPU
		{6BF44FF1-C07A-4B75-A212-9F2DA93BAB81}.Debug|iPhone.Deploy.0 = Debug|Any CPU
		{6BF44FF1-C07A-4B75-A212-9F2DA93BAB81}.Debug|iPhoneSimulator.ActiveCfg = Debug|Any CPU
		{6BF44FF1-C07A-4B75-A212-9F2DA93BAB81}.Debug|iPhoneSimulator.Build.0 = Debug|Any CPU
		{6BF44FF1-C07A-4B75-A212-9F2DA93BAB81}.Debug|iPhoneSimulator.Deploy.0 = Debug|Any CPU
		{6BF44FF1-C07A-4B75-A212-9F2DA93BAB81}.Debug|x64.ActiveCfg = Debug|Any CPU
		{6BF44FF1-C07A-4B75-A212-9F2DA93BAB81}.Debug|x64.Build.0 = Debug|Any CPU
		{6BF44FF1-C07A-4B75-A212-9F2DA93BAB81}.Debug|x64.Deploy.0 = Debug|Any CPU
		{6BF44FF1-C07A-4B75-A212-9F2DA93BAB81}.Debug|x86.ActiveCfg = Debug|Any CPU
		{6BF44FF1-C07A-4B75-A212-9F2DA93BAB81}.Debug|x86.Build.0 = Debug|Any CPU
		{6BF44FF1-C07A-4B75-A212-9F2DA93BAB81}.Debug|x86.Deploy.0 = Debug|Any CPU
		{6BF44FF1-C07A-4B75-A212-9F2DA93BAB81}.Release|Any CPU.ActiveCfg = Release|Any CPU
		{6BF44FF1-C07A-4B75-A212-9F2DA93BAB81}.Release|Any CPU.Build.0 = Release|Any CPU
		{6BF44FF1-C07A-4B75-A212-9F2DA93BAB81}.Release|Any CPU.Deploy.0 = Release|Any CPU
		{6BF44FF1-C07A-4B75-A212-9F2DA93BAB81}.Release|ARM.ActiveCfg = Release|Any CPU
		{6BF44FF1-C07A-4B75-A212-9F2DA93BAB81}.Release|ARM.Build.0 = Release|Any CPU
		{6BF44FF1-C07A-4B75-A212-9F2DA93BAB81}.Release|ARM.Deploy.0 = Release|Any CPU
		{6BF44FF1-C07A-4B75-A212-9F2DA93BAB81}.Release|iPhone.ActiveCfg = Release|Any CPU
		{6BF44FF1-C07A-4B75-A212-9F2DA93BAB81}.Release|iPhone.Build.0 = Release|Any CPU
		{6BF44FF1-C07A-4B75-A212-9F2DA93BAB81}.Release|iPhone.Deploy.0 = Release|Any CPU
		{6BF44FF1-C07A-4B75-A212-9F2DA93BAB81}.Release|iPhoneSimulator.ActiveCfg = Release|Any CPU
		{6BF44FF1-C07A-4B75-A212-9F2DA93BAB81}.Release|iPhoneSimulator.Build.0 = Release|Any CPU
		{6BF44FF1-C07A-4B75-A212-9F2DA93BAB81}.Release|iPhoneSimulator.Deploy.0 = Release|Any CPU
		{6BF44FF1-C07A-4B75-A212-9F2DA93BAB81}.Release|x64.ActiveCfg = Release|Any CPU
		{6BF44FF1-C07A-4B75-A212-9F2DA93BAB81}.Release|x64.Build.0 = Release|Any CPU
		{6BF44FF1-C07A-4B75-A212-9F2DA93BAB81}.Release|x64.Deploy.0 = Release|Any CPU
		{6BF44FF1-C07A-4B75-A212-9F2DA93BAB81}.Release|x86.ActiveCfg = Release|Any CPU
		{6BF44FF1-C07A-4B75-A212-9F2DA93BAB81}.Release|x86.Build.0 = Release|Any CPU
		{6BF44FF1-C07A-4B75-A212-9F2DA93BAB81}.Release|x86.Deploy.0 = Release|Any CPU
		{192AFA7F-8C1C-49F6-8C0C-19C47FE36A1B}.Ad-Hoc|Any CPU.ActiveCfg = Ad-Hoc|iPhone
		{192AFA7F-8C1C-49F6-8C0C-19C47FE36A1B}.Ad-Hoc|Any CPU.Build.0 = Ad-Hoc|iPhone
		{192AFA7F-8C1C-49F6-8C0C-19C47FE36A1B}.Ad-Hoc|Any CPU.Deploy.0 = Ad-Hoc|iPhone
		{192AFA7F-8C1C-49F6-8C0C-19C47FE36A1B}.Ad-Hoc|ARM.ActiveCfg = Ad-Hoc|iPhone
		{192AFA7F-8C1C-49F6-8C0C-19C47FE36A1B}.Ad-Hoc|ARM.Build.0 = Ad-Hoc|iPhone
		{192AFA7F-8C1C-49F6-8C0C-19C47FE36A1B}.Ad-Hoc|ARM.Deploy.0 = Ad-Hoc|iPhone
		{192AFA7F-8C1C-49F6-8C0C-19C47FE36A1B}.Ad-Hoc|iPhone.ActiveCfg = Ad-Hoc|iPhone
		{192AFA7F-8C1C-49F6-8C0C-19C47FE36A1B}.Ad-Hoc|iPhone.Build.0 = Ad-Hoc|iPhone
		{192AFA7F-8C1C-49F6-8C0C-19C47FE36A1B}.Ad-Hoc|iPhone.Deploy.0 = Ad-Hoc|iPhone
		{192AFA7F-8C1C-49F6-8C0C-19C47FE36A1B}.Ad-Hoc|iPhoneSimulator.ActiveCfg = Ad-Hoc|iPhoneSimulator
		{192AFA7F-8C1C-49F6-8C0C-19C47FE36A1B}.Ad-Hoc|iPhoneSimulator.Build.0 = Ad-Hoc|iPhoneSimulator
		{192AFA7F-8C1C-49F6-8C0C-19C47FE36A1B}.Ad-Hoc|iPhoneSimulator.Deploy.0 = Ad-Hoc|iPhoneSimulator
		{192AFA7F-8C1C-49F6-8C0C-19C47FE36A1B}.Ad-Hoc|x64.ActiveCfg = Ad-Hoc|iPhone
		{192AFA7F-8C1C-49F6-8C0C-19C47FE36A1B}.Ad-Hoc|x64.Build.0 = Ad-Hoc|iPhone
		{192AFA7F-8C1C-49F6-8C0C-19C47FE36A1B}.Ad-Hoc|x64.Deploy.0 = Ad-Hoc|iPhone
		{192AFA7F-8C1C-49F6-8C0C-19C47FE36A1B}.Ad-Hoc|x86.ActiveCfg = Ad-Hoc|iPhone
		{192AFA7F-8C1C-49F6-8C0C-19C47FE36A1B}.Ad-Hoc|x86.Build.0 = Ad-Hoc|iPhone
		{192AFA7F-8C1C-49F6-8C0C-19C47FE36A1B}.Ad-Hoc|x86.Deploy.0 = Ad-Hoc|iPhone
		{192AFA7F-8C1C-49F6-8C0C-19C47FE36A1B}.AppStore|Any CPU.ActiveCfg = AppStore|iPhone
		{192AFA7F-8C1C-49F6-8C0C-19C47FE36A1B}.AppStore|Any CPU.Build.0 = AppStore|iPhone
		{192AFA7F-8C1C-49F6-8C0C-19C47FE36A1B}.AppStore|Any CPU.Deploy.0 = AppStore|iPhone
		{192AFA7F-8C1C-49F6-8C0C-19C47FE36A1B}.AppStore|ARM.ActiveCfg = AppStore|iPhone
		{192AFA7F-8C1C-49F6-8C0C-19C47FE36A1B}.AppStore|ARM.Build.0 = AppStore|iPhone
		{192AFA7F-8C1C-49F6-8C0C-19C47FE36A1B}.AppStore|ARM.Deploy.0 = AppStore|iPhone
		{192AFA7F-8C1C-49F6-8C0C-19C47FE36A1B}.AppStore|iPhone.ActiveCfg = AppStore|iPhone
		{192AFA7F-8C1C-49F6-8C0C-19C47FE36A1B}.AppStore|iPhone.Build.0 = AppStore|iPhone
		{192AFA7F-8C1C-49F6-8C0C-19C47FE36A1B}.AppStore|iPhone.Deploy.0 = AppStore|iPhone
		{192AFA7F-8C1C-49F6-8C0C-19C47FE36A1B}.AppStore|iPhoneSimulator.ActiveCfg = AppStore|iPhoneSimulator
		{192AFA7F-8C1C-49F6-8C0C-19C47FE36A1B}.AppStore|iPhoneSimulator.Build.0 = AppStore|iPhoneSimulator
		{192AFA7F-8C1C-49F6-8C0C-19C47FE36A1B}.AppStore|iPhoneSimulator.Deploy.0 = AppStore|iPhoneSimulator
		{192AFA7F-8C1C-49F6-8C0C-19C47FE36A1B}.AppStore|x64.ActiveCfg = AppStore|iPhone
		{192AFA7F-8C1C-49F6-8C0C-19C47FE36A1B}.AppStore|x64.Build.0 = AppStore|iPhone
		{192AFA7F-8C1C-49F6-8C0C-19C47FE36A1B}.AppStore|x64.Deploy.0 = AppStore|iPhone
		{192AFA7F-8C1C-49F6-8C0C-19C47FE36A1B}.AppStore|x86.ActiveCfg = AppStore|iPhone
		{192AFA7F-8C1C-49F6-8C0C-19C47FE36A1B}.AppStore|x86.Build.0 = AppStore|iPhone
		{192AFA7F-8C1C-49F6-8C0C-19C47FE36A1B}.AppStore|x86.Deploy.0 = AppStore|iPhone
		{192AFA7F-8C1C-49F6-8C0C-19C47FE36A1B}.Debug|Any CPU.ActiveCfg = Debug|iPhoneSimulator
		{192AFA7F-8C1C-49F6-8C0C-19C47FE36A1B}.Debug|Any CPU.Build.0 = Debug|iPhoneSimulator
		{192AFA7F-8C1C-49F6-8C0C-19C47FE36A1B}.Debug|Any CPU.Deploy.0 = Debug|iPhoneSimulator
		{192AFA7F-8C1C-49F6-8C0C-19C47FE36A1B}.Debug|ARM.ActiveCfg = Debug|iPhone
		{192AFA7F-8C1C-49F6-8C0C-19C47FE36A1B}.Debug|ARM.Build.0 = Debug|iPhone
		{192AFA7F-8C1C-49F6-8C0C-19C47FE36A1B}.Debug|ARM.Deploy.0 = Debug|iPhone
		{192AFA7F-8C1C-49F6-8C0C-19C47FE36A1B}.Debug|iPhone.ActiveCfg = Debug|iPhone
		{192AFA7F-8C1C-49F6-8C0C-19C47FE36A1B}.Debug|iPhone.Build.0 = Debug|iPhone
		{192AFA7F-8C1C-49F6-8C0C-19C47FE36A1B}.Debug|iPhone.Deploy.0 = Debug|iPhone
		{192AFA7F-8C1C-49F6-8C0C-19C47FE36A1B}.Debug|iPhoneSimulator.ActiveCfg = Debug|iPhoneSimulator
		{192AFA7F-8C1C-49F6-8C0C-19C47FE36A1B}.Debug|iPhoneSimulator.Build.0 = Debug|iPhoneSimulator
		{192AFA7F-8C1C-49F6-8C0C-19C47FE36A1B}.Debug|iPhoneSimulator.Deploy.0 = Debug|iPhoneSimulator
		{192AFA7F-8C1C-49F6-8C0C-19C47FE36A1B}.Debug|x64.ActiveCfg = Debug|iPhone
		{192AFA7F-8C1C-49F6-8C0C-19C47FE36A1B}.Debug|x64.Build.0 = Debug|iPhone
		{192AFA7F-8C1C-49F6-8C0C-19C47FE36A1B}.Debug|x64.Deploy.0 = Debug|iPhone
		{192AFA7F-8C1C-49F6-8C0C-19C47FE36A1B}.Debug|x86.ActiveCfg = Debug|iPhone
		{192AFA7F-8C1C-49F6-8C0C-19C47FE36A1B}.Debug|x86.Build.0 = Debug|iPhone
		{192AFA7F-8C1C-49F6-8C0C-19C47FE36A1B}.Debug|x86.Deploy.0 = Debug|iPhone
		{192AFA7F-8C1C-49F6-8C0C-19C47FE36A1B}.Release|Any CPU.ActiveCfg = Release|iPhone
		{192AFA7F-8C1C-49F6-8C0C-19C47FE36A1B}.Release|Any CPU.Build.0 = Release|iPhone
		{192AFA7F-8C1C-49F6-8C0C-19C47FE36A1B}.Release|Any CPU.Deploy.0 = Release|iPhone
		{192AFA7F-8C1C-49F6-8C0C-19C47FE36A1B}.Release|ARM.ActiveCfg = Release|iPhone
		{192AFA7F-8C1C-49F6-8C0C-19C47FE36A1B}.Release|ARM.Build.0 = Release|iPhone
		{192AFA7F-8C1C-49F6-8C0C-19C47FE36A1B}.Release|ARM.Deploy.0 = Release|iPhone
		{192AFA7F-8C1C-49F6-8C0C-19C47FE36A1B}.Release|iPhone.ActiveCfg = Release|iPhone
		{192AFA7F-8C1C-49F6-8C0C-19C47FE36A1B}.Release|iPhone.Build.0 = Release|iPhone
		{192AFA7F-8C1C-49F6-8C0C-19C47FE36A1B}.Release|iPhone.Deploy.0 = Release|iPhone
		{192AFA7F-8C1C-49F6-8C0C-19C47FE36A1B}.Release|iPhoneSimulator.ActiveCfg = Release|iPhoneSimulator
		{192AFA7F-8C1C-49F6-8C0C-19C47FE36A1B}.Release|iPhoneSimulator.Build.0 = Release|iPhoneSimulator
		{192AFA7F-8C1C-49F6-8C0C-19C47FE36A1B}.Release|iPhoneSimulator.Deploy.0 = Release|iPhoneSimulator
		{192AFA7F-8C1C-49F6-8C0C-19C47FE36A1B}.Release|x64.ActiveCfg = Release|iPhone
		{192AFA7F-8C1C-49F6-8C0C-19C47FE36A1B}.Release|x64.Build.0 = Release|iPhone
		{192AFA7F-8C1C-49F6-8C0C-19C47FE36A1B}.Release|x64.Deploy.0 = Release|iPhone
		{192AFA7F-8C1C-49F6-8C0C-19C47FE36A1B}.Release|x86.ActiveCfg = Release|iPhone
		{192AFA7F-8C1C-49F6-8C0C-19C47FE36A1B}.Release|x86.Build.0 = Release|iPhone
		{192AFA7F-8C1C-49F6-8C0C-19C47FE36A1B}.Release|x86.Deploy.0 = Release|iPhone
		{FC8D03B8-1C84-41E4-95B0-CE1CD3E9B505}.Ad-Hoc|Any CPU.ActiveCfg = Release|x86
		{FC8D03B8-1C84-41E4-95B0-CE1CD3E9B505}.Ad-Hoc|Any CPU.Build.0 = Release|x86
		{FC8D03B8-1C84-41E4-95B0-CE1CD3E9B505}.Ad-Hoc|Any CPU.Deploy.0 = Release|x86
		{FC8D03B8-1C84-41E4-95B0-CE1CD3E9B505}.Ad-Hoc|ARM.ActiveCfg = Release|ARM
		{FC8D03B8-1C84-41E4-95B0-CE1CD3E9B505}.Ad-Hoc|ARM.Build.0 = Release|ARM
		{FC8D03B8-1C84-41E4-95B0-CE1CD3E9B505}.Ad-Hoc|ARM.Deploy.0 = Release|ARM
		{FC8D03B8-1C84-41E4-95B0-CE1CD3E9B505}.Ad-Hoc|iPhone.ActiveCfg = Release|x86
		{FC8D03B8-1C84-41E4-95B0-CE1CD3E9B505}.Ad-Hoc|iPhone.Build.0 = Release|x86
		{FC8D03B8-1C84-41E4-95B0-CE1CD3E9B505}.Ad-Hoc|iPhone.Deploy.0 = Release|x86
		{FC8D03B8-1C84-41E4-95B0-CE1CD3E9B505}.Ad-Hoc|iPhoneSimulator.ActiveCfg = Release|x86
		{FC8D03B8-1C84-41E4-95B0-CE1CD3E9B505}.Ad-Hoc|iPhoneSimulator.Build.0 = Release|x86
		{FC8D03B8-1C84-41E4-95B0-CE1CD3E9B505}.Ad-Hoc|iPhoneSimulator.Deploy.0 = Release|x86
		{FC8D03B8-1C84-41E4-95B0-CE1CD3E9B505}.Ad-Hoc|x64.ActiveCfg = Release|x64
		{FC8D03B8-1C84-41E4-95B0-CE1CD3E9B505}.Ad-Hoc|x64.Build.0 = Release|x64
		{FC8D03B8-1C84-41E4-95B0-CE1CD3E9B505}.Ad-Hoc|x64.Deploy.0 = Release|x64
		{FC8D03B8-1C84-41E4-95B0-CE1CD3E9B505}.Ad-Hoc|x86.ActiveCfg = Release|x86
		{FC8D03B8-1C84-41E4-95B0-CE1CD3E9B505}.Ad-Hoc|x86.Build.0 = Release|x86
		{FC8D03B8-1C84-41E4-95B0-CE1CD3E9B505}.Ad-Hoc|x86.Deploy.0 = Release|x86
		{FC8D03B8-1C84-41E4-95B0-CE1CD3E9B505}.AppStore|Any CPU.ActiveCfg = Release|x86
		{FC8D03B8-1C84-41E4-95B0-CE1CD3E9B505}.AppStore|Any CPU.Build.0 = Release|x86
		{FC8D03B8-1C84-41E4-95B0-CE1CD3E9B505}.AppStore|Any CPU.Deploy.0 = Release|x86
		{FC8D03B8-1C84-41E4-95B0-CE1CD3E9B505}.AppStore|ARM.ActiveCfg = Release|ARM
		{FC8D03B8-1C84-41E4-95B0-CE1CD3E9B505}.AppStore|ARM.Build.0 = Release|ARM
		{FC8D03B8-1C84-41E4-95B0-CE1CD3E9B505}.AppStore|ARM.Deploy.0 = Release|ARM
		{FC8D03B8-1C84-41E4-95B0-CE1CD3E9B505}.AppStore|iPhone.ActiveCfg = Release|x86
		{FC8D03B8-1C84-41E4-95B0-CE1CD3E9B505}.AppStore|iPhone.Build.0 = Release|x86
		{FC8D03B8-1C84-41E4-95B0-CE1CD3E9B505}.AppStore|iPhone.Deploy.0 = Release|x86
		{FC8D03B8-1C84-41E4-95B0-CE1CD3E9B505}.AppStore|iPhoneSimulator.ActiveCfg = Release|x86
		{FC8D03B8-1C84-41E4-95B0-CE1CD3E9B505}.AppStore|iPhoneSimulator.Build.0 = Release|x86
		{FC8D03B8-1C84-41E4-95B0-CE1CD3E9B505}.AppStore|iPhoneSimulator.Deploy.0 = Release|x86
		{FC8D03B8-1C84-41E4-95B0-CE1CD3E9B505}.AppStore|x64.ActiveCfg = Release|x64
		{FC8D03B8-1C84-41E4-95B0-CE1CD3E9B505}.AppStore|x64.Build.0 = Release|x64
		{FC8D03B8-1C84-41E4-95B0-CE1CD3E9B505}.AppStore|x64.Deploy.0 = Release|x64
		{FC8D03B8-1C84-41E4-95B0-CE1CD3E9B505}.AppStore|x86.ActiveCfg = Release|x86
		{FC8D03B8-1C84-41E4-95B0-CE1CD3E9B505}.AppStore|x86.Build.0 = Release|x86
		{FC8D03B8-1C84-41E4-95B0-CE1CD3E9B505}.AppStore|x86.Deploy.0 = Release|x86
		{FC8D03B8-1C84-41E4-95B0-CE1CD3E9B505}.Debug|Any CPU.ActiveCfg = Debug|x86
		{FC8D03B8-1C84-41E4-95B0-CE1CD3E9B505}.Debug|Any CPU.Build.0 = Debug|x86
		{FC8D03B8-1C84-41E4-95B0-CE1CD3E9B505}.Debug|Any CPU.Deploy.0 = Debug|x86
		{FC8D03B8-1C84-41E4-95B0-CE1CD3E9B505}.Debug|ARM.ActiveCfg = Debug|ARM
		{FC8D03B8-1C84-41E4-95B0-CE1CD3E9B505}.Debug|ARM.Build.0 = Debug|ARM
		{FC8D03B8-1C84-41E4-95B0-CE1CD3E9B505}.Debug|ARM.Deploy.0 = Debug|ARM
		{FC8D03B8-1C84-41E4-95B0-CE1CD3E9B505}.Debug|iPhone.ActiveCfg = Debug|x86
		{FC8D03B8-1C84-41E4-95B0-CE1CD3E9B505}.Debug|iPhone.Build.0 = Debug|x86
		{FC8D03B8-1C84-41E4-95B0-CE1CD3E9B505}.Debug|iPhone.Deploy.0 = Debug|x86
		{FC8D03B8-1C84-41E4-95B0-CE1CD3E9B505}.Debug|iPhoneSimulator.ActiveCfg = Debug|x86
		{FC8D03B8-1C84-41E4-95B0-CE1CD3E9B505}.Debug|iPhoneSimulator.Build.0 = Debug|x86
		{FC8D03B8-1C84-41E4-95B0-CE1CD3E9B505}.Debug|iPhoneSimulator.Deploy.0 = Debug|x86
		{FC8D03B8-1C84-41E4-95B0-CE1CD3E9B505}.Debug|x64.ActiveCfg = Debug|x64
		{FC8D03B8-1C84-41E4-95B0-CE1CD3E9B505}.Debug|x64.Build.0 = Debug|x64
		{FC8D03B8-1C84-41E4-95B0-CE1CD3E9B505}.Debug|x64.Deploy.0 = Debug|x64
		{FC8D03B8-1C84-41E4-95B0-CE1CD3E9B505}.Debug|x86.ActiveCfg = Debug|x86
		{FC8D03B8-1C84-41E4-95B0-CE1CD3E9B505}.Debug|x86.Build.0 = Debug|x86
		{FC8D03B8-1C84-41E4-95B0-CE1CD3E9B505}.Debug|x86.Deploy.0 = Debug|x86
		{FC8D03B8-1C84-41E4-95B0-CE1CD3E9B505}.Release|Any CPU.ActiveCfg = Release|x86
		{FC8D03B8-1C84-41E4-95B0-CE1CD3E9B505}.Release|Any CPU.Build.0 = Release|x86
		{FC8D03B8-1C84-41E4-95B0-CE1CD3E9B505}.Release|Any CPU.Deploy.0 = Release|x86
		{FC8D03B8-1C84-41E4-95B0-CE1CD3E9B505}.Release|ARM.ActiveCfg = Release|ARM
		{FC8D03B8-1C84-41E4-95B0-CE1CD3E9B505}.Release|ARM.Build.0 = Release|ARM
		{FC8D03B8-1C84-41E4-95B0-CE1CD3E9B505}.Release|ARM.Deploy.0 = Release|ARM
		{FC8D03B8-1C84-41E4-95B0-CE1CD3E9B505}.Release|iPhone.ActiveCfg = Release|x86
		{FC8D03B8-1C84-41E4-95B0-CE1CD3E9B505}.Release|iPhone.Build.0 = Release|x86
		{FC8D03B8-1C84-41E4-95B0-CE1CD3E9B505}.Release|iPhone.Deploy.0 = Release|x86
		{FC8D03B8-1C84-41E4-95B0-CE1CD3E9B505}.Release|iPhoneSimulator.ActiveCfg = Release|x86
		{FC8D03B8-1C84-41E4-95B0-CE1CD3E9B505}.Release|iPhoneSimulator.Build.0 = Release|x86
		{FC8D03B8-1C84-41E4-95B0-CE1CD3E9B505}.Release|iPhoneSimulator.Deploy.0 = Release|x86
		{FC8D03B8-1C84-41E4-95B0-CE1CD3E9B505}.Release|x64.ActiveCfg = Release|x64
		{FC8D03B8-1C84-41E4-95B0-CE1CD3E9B505}.Release|x64.Build.0 = Release|x64
		{FC8D03B8-1C84-41E4-95B0-CE1CD3E9B505}.Release|x64.Deploy.0 = Release|x64
		{FC8D03B8-1C84-41E4-95B0-CE1CD3E9B505}.Release|x86.ActiveCfg = Release|x86
		{FC8D03B8-1C84-41E4-95B0-CE1CD3E9B505}.Release|x86.Build.0 = Release|x86
		{FC8D03B8-1C84-41E4-95B0-CE1CD3E9B505}.Release|x86.Deploy.0 = Release|x86
		{B55B15E5-AE79-4806-BBCB-B8E3332CDC91}.Ad-Hoc|Any CPU.ActiveCfg = Debug|Any CPU
		{B55B15E5-AE79-4806-BBCB-B8E3332CDC91}.Ad-Hoc|Any CPU.Build.0 = Debug|Any CPU
		{B55B15E5-AE79-4806-BBCB-B8E3332CDC91}.Ad-Hoc|Any CPU.Deploy.0 = Debug|Any CPU
		{B55B15E5-AE79-4806-BBCB-B8E3332CDC91}.Ad-Hoc|ARM.ActiveCfg = Debug|Any CPU
		{B55B15E5-AE79-4806-BBCB-B8E3332CDC91}.Ad-Hoc|ARM.Build.0 = Debug|Any CPU
		{B55B15E5-AE79-4806-BBCB-B8E3332CDC91}.Ad-Hoc|ARM.Deploy.0 = Debug|Any CPU
		{B55B15E5-AE79-4806-BBCB-B8E3332CDC91}.Ad-Hoc|iPhone.ActiveCfg = Debug|Any CPU
		{B55B15E5-AE79-4806-BBCB-B8E3332CDC91}.Ad-Hoc|iPhone.Build.0 = Debug|Any CPU
		{B55B15E5-AE79-4806-BBCB-B8E3332CDC91}.Ad-Hoc|iPhone.Deploy.0 = Debug|Any CPU
		{B55B15E5-AE79-4806-BBCB-B8E3332CDC91}.Ad-Hoc|iPhoneSimulator.ActiveCfg = Debug|Any CPU
		{B55B15E5-AE79-4806-BBCB-B8E3332CDC91}.Ad-Hoc|iPhoneSimulator.Build.0 = Debug|Any CPU
		{B55B15E5-AE79-4806-BBCB-B8E3332CDC91}.Ad-Hoc|iPhoneSimulator.Deploy.0 = Debug|Any CPU
		{B55B15E5-AE79-4806-BBCB-B8E3332CDC91}.Ad-Hoc|x64.ActiveCfg = Debug|Any CPU
		{B55B15E5-AE79-4806-BBCB-B8E3332CDC91}.Ad-Hoc|x64.Build.0 = Debug|Any CPU
		{B55B15E5-AE79-4806-BBCB-B8E3332CDC91}.Ad-Hoc|x64.Deploy.0 = Debug|Any CPU
		{B55B15E5-AE79-4806-BBCB-B8E3332CDC91}.Ad-Hoc|x86.ActiveCfg = Debug|Any CPU
		{B55B15E5-AE79-4806-BBCB-B8E3332CDC91}.Ad-Hoc|x86.Build.0 = Debug|Any CPU
		{B55B15E5-AE79-4806-BBCB-B8E3332CDC91}.Ad-Hoc|x86.Deploy.0 = Debug|Any CPU
		{B55B15E5-AE79-4806-BBCB-B8E3332CDC91}.AppStore|Any CPU.ActiveCfg = Debug|Any CPU
		{B55B15E5-AE79-4806-BBCB-B8E3332CDC91}.AppStore|Any CPU.Build.0 = Debug|Any CPU
		{B55B15E5-AE79-4806-BBCB-B8E3332CDC91}.AppStore|Any CPU.Deploy.0 = Debug|Any CPU
		{B55B15E5-AE79-4806-BBCB-B8E3332CDC91}.AppStore|ARM.ActiveCfg = Debug|Any CPU
		{B55B15E5-AE79-4806-BBCB-B8E3332CDC91}.AppStore|ARM.Build.0 = Debug|Any CPU
		{B55B15E5-AE79-4806-BBCB-B8E3332CDC91}.AppStore|ARM.Deploy.0 = Debug|Any CPU
		{B55B15E5-AE79-4806-BBCB-B8E3332CDC91}.AppStore|iPhone.ActiveCfg = Debug|Any CPU
		{B55B15E5-AE79-4806-BBCB-B8E3332CDC91}.AppStore|iPhone.Build.0 = Debug|Any CPU
		{B55B15E5-AE79-4806-BBCB-B8E3332CDC91}.AppStore|iPhone.Deploy.0 = Debug|Any CPU
		{B55B15E5-AE79-4806-BBCB-B8E3332CDC91}.AppStore|iPhoneSimulator.ActiveCfg = Debug|Any CPU
		{B55B15E5-AE79-4806-BBCB-B8E3332CDC91}.AppStore|iPhoneSimulator.Build.0 = Debug|Any CPU
		{B55B15E5-AE79-4806-BBCB-B8E3332CDC91}.AppStore|iPhoneSimulator.Deploy.0 = Debug|Any CPU
		{B55B15E5-AE79-4806-BBCB-B8E3332CDC91}.AppStore|x64.ActiveCfg = Debug|Any CPU
		{B55B15E5-AE79-4806-BBCB-B8E3332CDC91}.AppStore|x64.Build.0 = Debug|Any CPU
		{B55B15E5-AE79-4806-BBCB-B8E3332CDC91}.AppStore|x64.Deploy.0 = Debug|Any CPU
		{B55B15E5-AE79-4806-BBCB-B8E3332CDC91}.AppStore|x86.ActiveCfg = Debug|Any CPU
		{B55B15E5-AE79-4806-BBCB-B8E3332CDC91}.AppStore|x86.Build.0 = Debug|Any CPU
		{B55B15E5-AE79-4806-BBCB-B8E3332CDC91}.AppStore|x86.Deploy.0 = Debug|Any CPU
		{B55B15E5-AE79-4806-BBCB-B8E3332CDC91}.Debug|Any CPU.ActiveCfg = Debug|Any CPU
		{B55B15E5-AE79-4806-BBCB-B8E3332CDC91}.Debug|Any CPU.Build.0 = Debug|Any CPU
		{B55B15E5-AE79-4806-BBCB-B8E3332CDC91}.Debug|Any CPU.Deploy.0 = Debug|Any CPU
		{B55B15E5-AE79-4806-BBCB-B8E3332CDC91}.Debug|ARM.ActiveCfg = Debug|Any CPU
		{B55B15E5-AE79-4806-BBCB-B8E3332CDC91}.Debug|ARM.Build.0 = Debug|Any CPU
		{B55B15E5-AE79-4806-BBCB-B8E3332CDC91}.Debug|ARM.Deploy.0 = Debug|Any CPU
		{B55B15E5-AE79-4806-BBCB-B8E3332CDC91}.Debug|iPhone.ActiveCfg = Debug|Any CPU
		{B55B15E5-AE79-4806-BBCB-B8E3332CDC91}.Debug|iPhone.Build.0 = Debug|Any CPU
		{B55B15E5-AE79-4806-BBCB-B8E3332CDC91}.Debug|iPhone.Deploy.0 = Debug|Any CPU
		{B55B15E5-AE79-4806-BBCB-B8E3332CDC91}.Debug|iPhoneSimulator.ActiveCfg = Debug|Any CPU
		{B55B15E5-AE79-4806-BBCB-B8E3332CDC91}.Debug|iPhoneSimulator.Build.0 = Debug|Any CPU
		{B55B15E5-AE79-4806-BBCB-B8E3332CDC91}.Debug|iPhoneSimulator.Deploy.0 = Debug|Any CPU
		{B55B15E5-AE79-4806-BBCB-B8E3332CDC91}.Debug|x64.ActiveCfg = Debug|Any CPU
		{B55B15E5-AE79-4806-BBCB-B8E3332CDC91}.Debug|x64.Build.0 = Debug|Any CPU
		{B55B15E5-AE79-4806-BBCB-B8E3332CDC91}.Debug|x64.Deploy.0 = Debug|Any CPU
		{B55B15E5-AE79-4806-BBCB-B8E3332CDC91}.Debug|x86.ActiveCfg = Debug|Any CPU
		{B55B15E5-AE79-4806-BBCB-B8E3332CDC91}.Debug|x86.Build.0 = Debug|Any CPU
		{B55B15E5-AE79-4806-BBCB-B8E3332CDC91}.Debug|x86.Deploy.0 = Debug|Any CPU
		{B55B15E5-AE79-4806-BBCB-B8E3332CDC91}.Release|Any CPU.ActiveCfg = Release|Any CPU
		{B55B15E5-AE79-4806-BBCB-B8E3332CDC91}.Release|Any CPU.Build.0 = Release|Any CPU
		{B55B15E5-AE79-4806-BBCB-B8E3332CDC91}.Release|Any CPU.Deploy.0 = Release|Any CPU
		{B55B15E5-AE79-4806-BBCB-B8E3332CDC91}.Release|ARM.ActiveCfg = Release|Any CPU
		{B55B15E5-AE79-4806-BBCB-B8E3332CDC91}.Release|ARM.Build.0 = Release|Any CPU
		{B55B15E5-AE79-4806-BBCB-B8E3332CDC91}.Release|ARM.Deploy.0 = Release|Any CPU
		{B55B15E5-AE79-4806-BBCB-B8E3332CDC91}.Release|iPhone.ActiveCfg = Release|Any CPU
		{B55B15E5-AE79-4806-BBCB-B8E3332CDC91}.Release|iPhone.Build.0 = Release|Any CPU
		{B55B15E5-AE79-4806-BBCB-B8E3332CDC91}.Release|iPhone.Deploy.0 = Release|Any CPU
		{B55B15E5-AE79-4806-BBCB-B8E3332CDC91}.Release|iPhoneSimulator.ActiveCfg = Release|Any CPU
		{B55B15E5-AE79-4806-BBCB-B8E3332CDC91}.Release|iPhoneSimulator.Build.0 = Release|Any CPU
		{B55B15E5-AE79-4806-BBCB-B8E3332CDC91}.Release|iPhoneSimulator.Deploy.0 = Release|Any CPU
		{B55B15E5-AE79-4806-BBCB-B8E3332CDC91}.Release|x64.ActiveCfg = Release|Any CPU
		{B55B15E5-AE79-4806-BBCB-B8E3332CDC91}.Release|x64.Build.0 = Release|Any CPU
		{B55B15E5-AE79-4806-BBCB-B8E3332CDC91}.Release|x64.Deploy.0 = Release|Any CPU
		{B55B15E5-AE79-4806-BBCB-B8E3332CDC91}.Release|x86.ActiveCfg = Release|Any CPU
		{B55B15E5-AE79-4806-BBCB-B8E3332CDC91}.Release|x86.Build.0 = Release|Any CPU
		{B55B15E5-AE79-4806-BBCB-B8E3332CDC91}.Release|x86.Deploy.0 = Release|Any CPU
	EndGlobalSection
	GlobalSection(SolutionProperties) = preSolution
		HideSolutionNode = FALSE
	EndGlobalSection
	GlobalSection(ExtensibilityGlobals) = postSolution
		SolutionGuid = {7C337798-F4C3-4C72-B58F-1E4CC851DCF0}
	EndGlobalSection
EndGlobal
